# This file is automatically @generated by Poetry 1.8.3 and should not be changed by hand.

[[package]]
name = "beets"
version = "2.0.0"
description = "music tagger and library organizer"
optional = false
python-versions = "*"
files = [
    {file = "beets-2.0.0-py3-none-any.whl", hash = "sha256:6fe596f578ce50652fc634d399af67bc0450b325c349989af781805599fcedb3"},
    {file = "beets-2.0.0.tar.gz", hash = "sha256:3b1172b5bc3729e33a6ea4689f7d0236682bf828c67196b6a260f0389cb1f8cf"},
]

[package.dependencies]
confuse = ">=1.5.0"
jellyfish = "*"
mediafile = ">=0.12.0"
munkres = ">=1.0.0"
musicbrainzngs = ">=0.4"
pyyaml = "*"
typing-extensions = "*"
unidecode = ">=1.3.6"

[package.extras]
absubmit = ["requests"]
beatport = ["requests-oauthlib (>=0.6.1)"]
bpd = ["PyGObject"]
chroma = ["pyacoustid"]
discogs = ["python3-discogs-client (>=2.3.15)"]
docs = ["pydata-sphinx-theme", "sphinx"]
embedart = ["Pillow"]
embyupdate = ["requests"]
fetchart = ["Pillow", "beautifulsoup4", "requests"]
import = ["py7zr", "rarfile"]
kodiupdate = ["requests"]
lastgenre = ["pylast"]
lastimport = ["pylast"]
lint = ["flake8", "flake8-docstrings", "pep8-naming"]
lyrics = ["beautifulsoup4", "langdetect", "requests"]
metasync = ["dbus-python"]
mpdstats = ["python-mpd2 (>=0.4.2)"]
mypy = ["mypy", "types-Flask-Cors", "types-Pillow", "types-PyYAML", "types-beautifulsoup4", "types-requests", "types-urllib3"]
plexupdate = ["requests"]
reflink = ["reflink"]
replaygain = ["PyGObject"]
scrub = ["mutagen (>=1.33)"]
sonosupdate = ["soco"]
test = ["beautifulsoup4", "flask", "mock", "py7zr", "pylast", "pytest", "pytest-cov", "python-mpd2", "python3-discogs-client (>=2.3.15)", "pyxdg", "rarfile", "reflink", "requests-oauthlib", "responses (>=0.3.0)"]
thumbnails = ["Pillow", "pyxdg"]
web = ["flask", "flask-cors"]

[[package]]
name = "colorama"
version = "0.4.6"
description = "Cross-platform colored terminal text."
optional = false
python-versions = "!=3.0.*,!=3.1.*,!=3.2.*,!=3.3.*,!=3.4.*,!=3.5.*,!=3.6.*,>=2.7"
files = [
    {file = "colorama-0.4.6-py2.py3-none-any.whl", hash = "sha256:4f1d9991f5acc0ca119f9d443620b77f9d6b33703e51011c16baf57afb285fc6"},
    {file = "colorama-0.4.6.tar.gz", hash = "sha256:08695f5cb7ed6e0531a20572697297273c47b8cae5a63ffc6d6ed5c201be6e44"},
]

[[package]]
name = "confuse"
version = "2.0.1"
description = "Painless YAML configuration."
optional = false
python-versions = ">=3.6"
files = [
    {file = "confuse-2.0.1-py3-none-any.whl", hash = "sha256:9b9e5bbc70e2cb9b318bcab14d917ec88e21bf1b724365e3815eb16e37aabd2a"},
    {file = "confuse-2.0.1.tar.gz", hash = "sha256:7379a2ad49aaa862b79600cc070260c1b7974d349f4fa5e01f9afa6c4dd0611f"},
]

[package.dependencies]
pyyaml = "*"

[[package]]
name = "coverage"
version = "7.6.0"
description = "Code coverage measurement for Python"
optional = false
python-versions = ">=3.8"
files = [
    {file = "coverage-7.6.0-cp310-cp310-macosx_10_9_x86_64.whl", hash = "sha256:dff044f661f59dace805eedb4a7404c573b6ff0cdba4a524141bc63d7be5c7fd"},
    {file = "coverage-7.6.0-cp310-cp310-macosx_11_0_arm64.whl", hash = "sha256:a8659fd33ee9e6ca03950cfdcdf271d645cf681609153f218826dd9805ab585c"},
    {file = "coverage-7.6.0-cp310-cp310-manylinux_2_17_aarch64.manylinux2014_aarch64.whl", hash = "sha256:7792f0ab20df8071d669d929c75c97fecfa6bcab82c10ee4adb91c7a54055463"},
    {file = "coverage-7.6.0-cp310-cp310-manylinux_2_5_i686.manylinux1_i686.manylinux_2_17_i686.manylinux2014_i686.whl", hash = "sha256:d4b3cd1ca7cd73d229487fa5caca9e4bc1f0bca96526b922d61053ea751fe791"},
    {file = "coverage-7.6.0-cp310-cp310-manylinux_2_5_x86_64.manylinux1_x86_64.manylinux_2_17_x86_64.manylinux2014_x86_64.whl", hash = "sha256:e7e128f85c0b419907d1f38e616c4f1e9f1d1b37a7949f44df9a73d5da5cd53c"},
    {file = "coverage-7.6.0-cp310-cp310-musllinux_1_2_aarch64.whl", hash = "sha256:a94925102c89247530ae1dab7dc02c690942566f22e189cbd53579b0693c0783"},
    {file = "coverage-7.6.0-cp310-cp310-musllinux_1_2_i686.whl", hash = "sha256:dcd070b5b585b50e6617e8972f3fbbee786afca71b1936ac06257f7e178f00f6"},
    {file = "coverage-7.6.0-cp310-cp310-musllinux_1_2_x86_64.whl", hash = "sha256:d50a252b23b9b4dfeefc1f663c568a221092cbaded20a05a11665d0dbec9b8fb"},
    {file = "coverage-7.6.0-cp310-cp310-win32.whl", hash = "sha256:0e7b27d04131c46e6894f23a4ae186a6a2207209a05df5b6ad4caee6d54a222c"},
    {file = "coverage-7.6.0-cp310-cp310-win_amd64.whl", hash = "sha256:54dece71673b3187c86226c3ca793c5f891f9fc3d8aa183f2e3653da18566169"},
    {file = "coverage-7.6.0-cp311-cp311-macosx_10_9_x86_64.whl", hash = "sha256:c7b525ab52ce18c57ae232ba6f7010297a87ced82a2383b1afd238849c1ff933"},
    {file = "coverage-7.6.0-cp311-cp311-macosx_11_0_arm64.whl", hash = "sha256:4bea27c4269234e06f621f3fac3925f56ff34bc14521484b8f66a580aacc2e7d"},
    {file = "coverage-7.6.0-cp311-cp311-manylinux_2_17_aarch64.manylinux2014_aarch64.whl", hash = "sha256:ed8d1d1821ba5fc88d4a4f45387b65de52382fa3ef1f0115a4f7a20cdfab0e94"},
    {file = "coverage-7.6.0-cp311-cp311-manylinux_2_5_i686.manylinux1_i686.manylinux_2_17_i686.manylinux2014_i686.whl", hash = "sha256:01c322ef2bbe15057bc4bf132b525b7e3f7206f071799eb8aa6ad1940bcf5fb1"},
    {file = "coverage-7.6.0-cp311-cp311-manylinux_2_5_x86_64.manylinux1_x86_64.manylinux_2_17_x86_64.manylinux2014_x86_64.whl", hash = "sha256:03cafe82c1b32b770a29fd6de923625ccac3185a54a5e66606da26d105f37dac"},
    {file = "coverage-7.6.0-cp311-cp311-musllinux_1_2_aarch64.whl", hash = "sha256:0d1b923fc4a40c5832be4f35a5dab0e5ff89cddf83bb4174499e02ea089daf57"},
    {file = "coverage-7.6.0-cp311-cp311-musllinux_1_2_i686.whl", hash = "sha256:4b03741e70fb811d1a9a1d75355cf391f274ed85847f4b78e35459899f57af4d"},
    {file = "coverage-7.6.0-cp311-cp311-musllinux_1_2_x86_64.whl", hash = "sha256:a73d18625f6a8a1cbb11eadc1d03929f9510f4131879288e3f7922097a429f63"},
    {file = "coverage-7.6.0-cp311-cp311-win32.whl", hash = "sha256:65fa405b837060db569a61ec368b74688f429b32fa47a8929a7a2f9b47183713"},
    {file = "coverage-7.6.0-cp311-cp311-win_amd64.whl", hash = "sha256:6379688fb4cfa921ae349c76eb1a9ab26b65f32b03d46bb0eed841fd4cb6afb1"},
    {file = "coverage-7.6.0-cp312-cp312-macosx_10_9_x86_64.whl", hash = "sha256:f7db0b6ae1f96ae41afe626095149ecd1b212b424626175a6633c2999eaad45b"},
    {file = "coverage-7.6.0-cp312-cp312-macosx_11_0_arm64.whl", hash = "sha256:bbdf9a72403110a3bdae77948b8011f644571311c2fb35ee15f0f10a8fc082e8"},
    {file = "coverage-7.6.0-cp312-cp312-manylinux_2_17_aarch64.manylinux2014_aarch64.whl", hash = "sha256:9cc44bf0315268e253bf563f3560e6c004efe38f76db03a1558274a6e04bf5d5"},
    {file = "coverage-7.6.0-cp312-cp312-manylinux_2_5_i686.manylinux1_i686.manylinux_2_17_i686.manylinux2014_i686.whl", hash = "sha256:da8549d17489cd52f85a9829d0e1d91059359b3c54a26f28bec2c5d369524807"},
    {file = "coverage-7.6.0-cp312-cp312-manylinux_2_5_x86_64.manylinux1_x86_64.manylinux_2_17_x86_64.manylinux2014_x86_64.whl", hash = "sha256:0086cd4fc71b7d485ac93ca4239c8f75732c2ae3ba83f6be1c9be59d9e2c6382"},
    {file = "coverage-7.6.0-cp312-cp312-musllinux_1_2_aarch64.whl", hash = "sha256:1fad32ee9b27350687035cb5fdf9145bc9cf0a094a9577d43e909948ebcfa27b"},
    {file = "coverage-7.6.0-cp312-cp312-musllinux_1_2_i686.whl", hash = "sha256:044a0985a4f25b335882b0966625270a8d9db3d3409ddc49a4eb00b0ef5e8cee"},
    {file = "coverage-7.6.0-cp312-cp312-musllinux_1_2_x86_64.whl", hash = "sha256:76d5f82213aa78098b9b964ea89de4617e70e0d43e97900c2778a50856dac605"},
    {file = "coverage-7.6.0-cp312-cp312-win32.whl", hash = "sha256:3c59105f8d58ce500f348c5b56163a4113a440dad6daa2294b5052a10db866da"},
    {file = "coverage-7.6.0-cp312-cp312-win_amd64.whl", hash = "sha256:ca5d79cfdae420a1d52bf177de4bc2289c321d6c961ae321503b2ca59c17ae67"},
    {file = "coverage-7.6.0-cp38-cp38-macosx_10_9_x86_64.whl", hash = "sha256:d39bd10f0ae453554798b125d2f39884290c480f56e8a02ba7a6ed552005243b"},
    {file = "coverage-7.6.0-cp38-cp38-macosx_11_0_arm64.whl", hash = "sha256:beb08e8508e53a568811016e59f3234d29c2583f6b6e28572f0954a6b4f7e03d"},
    {file = "coverage-7.6.0-cp38-cp38-manylinux_2_17_aarch64.manylinux2014_aarch64.whl", hash = "sha256:b2e16f4cd2bc4d88ba30ca2d3bbf2f21f00f382cf4e1ce3b1ddc96c634bc48ca"},
    {file = "coverage-7.6.0-cp38-cp38-manylinux_2_5_i686.manylinux1_i686.manylinux_2_17_i686.manylinux2014_i686.whl", hash = "sha256:6616d1c9bf1e3faea78711ee42a8b972367d82ceae233ec0ac61cc7fec09fa6b"},
    {file = "coverage-7.6.0-cp38-cp38-manylinux_2_5_x86_64.manylinux1_x86_64.manylinux_2_17_x86_64.manylinux2014_x86_64.whl", hash = "sha256:ad4567d6c334c46046d1c4c20024de2a1c3abc626817ae21ae3da600f5779b44"},
    {file = "coverage-7.6.0-cp38-cp38-musllinux_1_2_aarch64.whl", hash = "sha256:d17c6a415d68cfe1091d3296ba5749d3d8696e42c37fca5d4860c5bf7b729f03"},
    {file = "coverage-7.6.0-cp38-cp38-musllinux_1_2_i686.whl", hash = "sha256:9146579352d7b5f6412735d0f203bbd8d00113a680b66565e205bc605ef81bc6"},
    {file = "coverage-7.6.0-cp38-cp38-musllinux_1_2_x86_64.whl", hash = "sha256:cdab02a0a941af190df8782aafc591ef3ad08824f97850b015c8c6a8b3877b0b"},
    {file = "coverage-7.6.0-cp38-cp38-win32.whl", hash = "sha256:df423f351b162a702c053d5dddc0fc0ef9a9e27ea3f449781ace5f906b664428"},
    {file = "coverage-7.6.0-cp38-cp38-win_amd64.whl", hash = "sha256:f2501d60d7497fd55e391f423f965bbe9e650e9ffc3c627d5f0ac516026000b8"},
    {file = "coverage-7.6.0-cp39-cp39-macosx_10_9_x86_64.whl", hash = "sha256:7221f9ac9dad9492cecab6f676b3eaf9185141539d5c9689d13fd6b0d7de840c"},
    {file = "coverage-7.6.0-cp39-cp39-macosx_11_0_arm64.whl", hash = "sha256:ddaaa91bfc4477d2871442bbf30a125e8fe6b05da8a0015507bfbf4718228ab2"},
    {file = "coverage-7.6.0-cp39-cp39-manylinux_2_17_aarch64.manylinux2014_aarch64.whl", hash = "sha256:c4cbe651f3904e28f3a55d6f371203049034b4ddbce65a54527a3f189ca3b390"},
    {file = "coverage-7.6.0-cp39-cp39-manylinux_2_5_i686.manylinux1_i686.manylinux_2_17_i686.manylinux2014_i686.whl", hash = "sha256:831b476d79408ab6ccfadaaf199906c833f02fdb32c9ab907b1d4aa0713cfa3b"},
    {file = "coverage-7.6.0-cp39-cp39-manylinux_2_5_x86_64.manylinux1_x86_64.manylinux_2_17_x86_64.manylinux2014_x86_64.whl", hash = "sha256:46c3d091059ad0b9c59d1034de74a7f36dcfa7f6d3bde782c49deb42438f2450"},
    {file = "coverage-7.6.0-cp39-cp39-musllinux_1_2_aarch64.whl", hash = "sha256:4d5fae0a22dc86259dee66f2cc6c1d3e490c4a1214d7daa2a93d07491c5c04b6"},
    {file = "coverage-7.6.0-cp39-cp39-musllinux_1_2_i686.whl", hash = "sha256:07ed352205574aad067482e53dd606926afebcb5590653121063fbf4e2175166"},
    {file = "coverage-7.6.0-cp39-cp39-musllinux_1_2_x86_64.whl", hash = "sha256:49c76cdfa13015c4560702574bad67f0e15ca5a2872c6a125f6327ead2b731dd"},
    {file = "coverage-7.6.0-cp39-cp39-win32.whl", hash = "sha256:482855914928c8175735a2a59c8dc5806cf7d8f032e4820d52e845d1f731dca2"},
    {file = "coverage-7.6.0-cp39-cp39-win_amd64.whl", hash = "sha256:543ef9179bc55edfd895154a51792b01c017c87af0ebaae092720152e19e42ca"},
    {file = "coverage-7.6.0-pp38.pp39.pp310-none-any.whl", hash = "sha256:6fe885135c8a479d3e37a7aae61cbd3a0fb2deccb4dda3c25f92a49189f766d6"},
    {file = "coverage-7.6.0.tar.gz", hash = "sha256:289cc803fa1dc901f84701ac10c9ee873619320f2f9aff38794db4a4a0268d51"},
]

[package.dependencies]
tomli = {version = "*", optional = true, markers = "python_full_version <= \"3.11.0a6\" and extra == \"toml\""}

[package.extras]
toml = ["tomli"]

[[package]]
name = "exceptiongroup"
version = "1.2.1"
description = "Backport of PEP 654 (exception groups)"
optional = false
python-versions = ">=3.7"
files = [
    {file = "exceptiongroup-1.2.1-py3-none-any.whl", hash = "sha256:5258b9ed329c5bbdd31a309f53cbfb0b155341807f6ff7606a1e801a891b29ad"},
    {file = "exceptiongroup-1.2.1.tar.gz", hash = "sha256:a4785e48b045528f5bfe627b6ad554ff32def154f42372786903b7abcfe1aa16"},
]

[package.extras]
test = ["pytest (>=6)"]

[[package]]
name = "importlib-metadata"
version = "7.2.1"
description = "Read metadata from Python packages"
optional = false
python-versions = ">=3.8"
files = [
    {file = "importlib_metadata-7.2.1-py3-none-any.whl", hash = "sha256:ffef94b0b66046dd8ea2d619b701fe978d9264d38f3998bc4c27ec3b146a87c8"},
    {file = "importlib_metadata-7.2.1.tar.gz", hash = "sha256:509ecb2ab77071db5137c655e24ceb3eee66e7bbc6574165d0d114d9fc4bbe68"},
]

[package.dependencies]
zipp = ">=0.5"

[package.extras]
doc = ["furo", "jaraco.packaging (>=9.3)", "jaraco.tidelift (>=1.4)", "rst.linker (>=1.9)", "sphinx (>=3.5)", "sphinx-lint"]
perf = ["ipython"]
test = ["flufl.flake8", "importlib-resources (>=1.3)", "jaraco.test (>=5.4)", "packaging", "pyfakefs", "pytest (>=6,!=8.1.*)", "pytest-checkdocs (>=2.4)", "pytest-cov", "pytest-enabler (>=2.2)", "pytest-mypy", "pytest-perf (>=0.9.2)", "pytest-ruff (>=0.2.1)"]

[[package]]
name = "iniconfig"
version = "2.0.0"
description = "brain-dead simple config-ini parsing"
optional = false
python-versions = ">=3.7"
files = [
    {file = "iniconfig-2.0.0-py3-none-any.whl", hash = "sha256:b6a85871a79d2e3b22d2d1b94ac2824226a63c6b741c88f7ae975f18b6778374"},
    {file = "iniconfig-2.0.0.tar.gz", hash = "sha256:2d91e135bf72d31a410b17c16da610a82cb55f6b0477d1a902134b24a455b8b3"},
]

[[package]]
name = "jellyfish"
version = "1.0.4"
description = "Approximate and phonetic matching of strings."
optional = false
python-versions = ">=3.7"
files = [
    {file = "jellyfish-1.0.4-cp310-cp310-macosx_10_12_x86_64.whl", hash = "sha256:f2cfa648575d1e8197cd61a1936929913916173aee8ee66210eb6a08b1a2fa11"},
    {file = "jellyfish-1.0.4-cp310-cp310-macosx_11_0_arm64.whl", hash = "sha256:3c915ce23a518d2289c63a502064bf970b9748d9e4164e21e36ebba40c07ad37"},
    {file = "jellyfish-1.0.4-cp310-cp310-manylinux_2_17_aarch64.manylinux2014_aarch64.whl", hash = "sha256:a001b0794aa84bcab311f6019289904ddf417b47ffe2b4796b41a8314bae3c1c"},
    {file = "jellyfish-1.0.4-cp310-cp310-manylinux_2_17_armv7l.manylinux2014_armv7l.whl", hash = "sha256:ffe094f4d5b1de72ed1e8bb3e729ada8915f096bc04c344aabb4327a669f272e"},
    {file = "jellyfish-1.0.4-cp310-cp310-manylinux_2_17_x86_64.manylinux2014_x86_64.whl", hash = "sha256:481689f6e1a695ddf44b7fe9250d0f86839d98ab5418115d8e52886d488fd259"},
    {file = "jellyfish-1.0.4-cp310-cp310-musllinux_1_1_aarch64.whl", hash = "sha256:30ccf4b1e6a6f9a54f60250f5d65898746186b93aceebfd0dc7159cbe5554db3"},
    {file = "jellyfish-1.0.4-cp310-cp310-musllinux_1_1_i686.whl", hash = "sha256:0459f8dc1d63a165f3848ed9f756107cff0d4990e3dffbaed839228073b628b7"},
    {file = "jellyfish-1.0.4-cp310-cp310-musllinux_1_1_x86_64.whl", hash = "sha256:1830f125dc2f41babd0101b2d67a325972f79e991af1e0a135d9efe2c890bbbc"},
    {file = "jellyfish-1.0.4-cp310-none-win32.whl", hash = "sha256:169634dc62f7bb9b93c03d3d7b5da327426023d47d58bd8b424c61aaaa33085c"},
    {file = "jellyfish-1.0.4-cp310-none-win_amd64.whl", hash = "sha256:5b87fca57f6240fe4658810587a0ff49f261a6a49943ad003bbc109c358cec2e"},
    {file = "jellyfish-1.0.4-cp311-cp311-macosx_10_12_x86_64.whl", hash = "sha256:1561cd0d1687113a5b1e4c4f0e1ab373fbc851af0c9c769a486f94f9ede27cd5"},
    {file = "jellyfish-1.0.4-cp311-cp311-macosx_11_0_arm64.whl", hash = "sha256:0d60ab87c542659bd71ed952fbc9c4186293e49016dd92ca79156fee6574a17d"},
    {file = "jellyfish-1.0.4-cp311-cp311-manylinux_2_17_aarch64.manylinux2014_aarch64.whl", hash = "sha256:6ceba547f96de1f58d29f87c816aab4ec02cbeb6606a48fcad1dcf35c1f06042"},
    {file = "jellyfish-1.0.4-cp311-cp311-manylinux_2_17_armv7l.manylinux2014_armv7l.whl", hash = "sha256:b1457d3de969f652d6396cb0329cae3f8d75e0851b335f106624bc991c63c80b"},
    {file = "jellyfish-1.0.4-cp311-cp311-manylinux_2_17_x86_64.manylinux2014_x86_64.whl", hash = "sha256:90384f8b4446a84682bb18051cdc17a069963fff1d0af03ccd2b044b62af6d44"},
    {file = "jellyfish-1.0.4-cp311-cp311-musllinux_1_1_aarch64.whl", hash = "sha256:896552560dcba125db074b980ccc17e123e9444593b272edb82254e4b30f0bd1"},
    {file = "jellyfish-1.0.4-cp311-cp311-musllinux_1_1_i686.whl", hash = "sha256:47b0914f375be24976f26ff1436f22dc9fa1ecf9513dbe7ebbee6af5f85409a2"},
    {file = "jellyfish-1.0.4-cp311-cp311-musllinux_1_1_x86_64.whl", hash = "sha256:1529a9f1627acffda79ab490ca3f67d35ee1e15c2d30b3f9f93be895b212c4c5"},
    {file = "jellyfish-1.0.4-cp311-none-win32.whl", hash = "sha256:4a47daa243798db689f8b1f3e6c811032075fd434e2af9dfea35a1553152e34e"},
    {file = "jellyfish-1.0.4-cp311-none-win_amd64.whl", hash = "sha256:1d42fdf67a34a346d906b0ab8d56db9cc68bf6497382650d4581ec0fc8eef342"},
    {file = "jellyfish-1.0.4-cp312-cp312-macosx_10_12_x86_64.whl", hash = "sha256:81f68a8ba074ef3630fab6e635d542708c6e7b5c504a546257b796835b28a5d5"},
    {file = "jellyfish-1.0.4-cp312-cp312-macosx_11_0_arm64.whl", hash = "sha256:535a7e99c2b6d456b06d160c950379f18cb72effeb856069eae5d024e09b4afd"},
    {file = "jellyfish-1.0.4-cp312-cp312-manylinux_2_17_aarch64.manylinux2014_aarch64.whl", hash = "sha256:76b7936b69687d788aabb86875c0780d6a77dbac9d1738503b0091af744ff79b"},
    {file = "jellyfish-1.0.4-cp312-cp312-manylinux_2_17_armv7l.manylinux2014_armv7l.whl", hash = "sha256:015997043c3eecbf686a71838028180d885f0dc4f7e99daf7194e1787ecd5909"},
    {file = "jellyfish-1.0.4-cp312-cp312-manylinux_2_17_x86_64.manylinux2014_x86_64.whl", hash = "sha256:66c7c6113565bcd3771882ff1c6a31573ef3ce755f882e1bf27b233c44a24f35"},
    {file = "jellyfish-1.0.4-cp312-cp312-musllinux_1_1_aarch64.whl", hash = "sha256:069d406850c68a43513a4ddbbf4191e83a2b8fb08119d708086a21c2cf6c406e"},
    {file = "jellyfish-1.0.4-cp312-cp312-musllinux_1_1_i686.whl", hash = "sha256:642dde8453ae45235c377ad3ce6cc990bf90fe9c4222896ab3f0f6c5609089a4"},
    {file = "jellyfish-1.0.4-cp312-cp312-musllinux_1_1_x86_64.whl", hash = "sha256:967723d8a1321327b3d6e9eada2db95659ff27ab6de8bb8dc82eefe1ce993333"},
    {file = "jellyfish-1.0.4-cp312-none-win32.whl", hash = "sha256:bd33becfa61956c8ebd12bcb7227d48156d7e4c289780bcccf06e55acde12bf6"},
    {file = "jellyfish-1.0.4-cp312-none-win_amd64.whl", hash = "sha256:c3addb4eebadd7cd4f6cdbff55a4a28caf2448333131b20661d4ff342f53e8a4"},
    {file = "jellyfish-1.0.4-cp38-cp38-macosx_10_12_x86_64.whl", hash = "sha256:b365ef28bed2673fffec38775aae36fd9d692ff3e2c6f331ed1898c00cd1f388"},
    {file = "jellyfish-1.0.4-cp38-cp38-macosx_11_0_arm64.whl", hash = "sha256:44329a7fa570a167144ef20d8d57dff7c59028ecc392cccd9385d23c321aa784"},
    {file = "jellyfish-1.0.4-cp38-cp38-manylinux_2_17_aarch64.manylinux2014_aarch64.whl", hash = "sha256:59f4d263d15d868372c2dcfe12007707d3448a9253a1d912230f213b456ca697"},
    {file = "jellyfish-1.0.4-cp38-cp38-manylinux_2_17_armv7l.manylinux2014_armv7l.whl", hash = "sha256:5dca33ca59163445c8afdedff7f47d7f27f0a88fabedfde4ea7197698adc6335"},
    {file = "jellyfish-1.0.4-cp38-cp38-manylinux_2_17_x86_64.manylinux2014_x86_64.whl", hash = "sha256:42056f50f5c604132ca50088253122c8a0bdbf8f37959b60f4fd75026396be3c"},
    {file = "jellyfish-1.0.4-cp38-cp38-musllinux_1_1_aarch64.whl", hash = "sha256:2c001b7cfb14216108dcc851ac39fb428ed82138dabcd6a20e051a2ec5cd6f9e"},
    {file = "jellyfish-1.0.4-cp38-cp38-musllinux_1_1_i686.whl", hash = "sha256:c9c713fb0012db4468c2aff8e3a6b6dbd63908563bec0f0ed508d280f0fc4937"},
    {file = "jellyfish-1.0.4-cp38-cp38-musllinux_1_1_x86_64.whl", hash = "sha256:d78874364780b2a6ec248c3d92fb5343cdc5dadaa552cc564eebe7941678303c"},
    {file = "jellyfish-1.0.4-cp38-none-win32.whl", hash = "sha256:363562fa5d99bc688a187ede4c05a9e220baf296a450fe1a24e2c02a65d0077c"},
    {file = "jellyfish-1.0.4-cp38-none-win_amd64.whl", hash = "sha256:27f51df4818fc3eea3ed32c9f50883c011c9e1f972cc2b04cef614d24179f427"},
    {file = "jellyfish-1.0.4-cp39-cp39-macosx_10_12_x86_64.whl", hash = "sha256:651f8c75bf4352427f1160c2b1d9e994862cc86a9ce2106e9c0c2d87e973ca88"},
    {file = "jellyfish-1.0.4-cp39-cp39-macosx_11_0_arm64.whl", hash = "sha256:a9fd3409238012c3d153b5d3ec5f3fe32648ceb6a86f67d42434f0f5f2447a28"},
    {file = "jellyfish-1.0.4-cp39-cp39-manylinux_2_17_aarch64.manylinux2014_aarch64.whl", hash = "sha256:e003e5db6607b46d7f1e321628a0a04e8f56adcbdd8aadfb6b61ec6764bc028a"},
    {file = "jellyfish-1.0.4-cp39-cp39-manylinux_2_17_armv7l.manylinux2014_armv7l.whl", hash = "sha256:2d443734829b7e38a4e4525cc572e6ff6e0588254ae346a11c976b935efdbc54"},
    {file = "jellyfish-1.0.4-cp39-cp39-manylinux_2_17_x86_64.manylinux2014_x86_64.whl", hash = "sha256:984e6307ed255224dc38370b953b48e6f13950209d76489ade582dedc66a001a"},
    {file = "jellyfish-1.0.4-cp39-cp39-musllinux_1_1_aarch64.whl", hash = "sha256:00e23fb1e87c8b99008fe0a9c00f509754cf0e1a74d9a975fc3737790e756679"},
    {file = "jellyfish-1.0.4-cp39-cp39-musllinux_1_1_i686.whl", hash = "sha256:f6f5aaa4f4326feb6754878f3875ee39c5df2e650abe04f9da28c80c3e341728"},
    {file = "jellyfish-1.0.4-cp39-cp39-musllinux_1_1_x86_64.whl", hash = "sha256:d40c3ebd4a00a55845b5653e4a5a8784a032a68e91ca3713163e446b48168887"},
    {file = "jellyfish-1.0.4-cp39-none-win32.whl", hash = "sha256:ce7a7c6ab717d7b8961d234a60c0e12f80a24b4b0ec213a2272f4cdba013b5f8"},
    {file = "jellyfish-1.0.4-cp39-none-win_amd64.whl", hash = "sha256:73e0789d20eda3923a6531693aca1ca6231bec12b9b7c6d7c2ed37b1889f40c1"},
    {file = "jellyfish-1.0.4-pp310-pypy310_pp73-manylinux_2_17_aarch64.manylinux2014_aarch64.whl", hash = "sha256:89f6db50049492c49b622e8e8c04c5494d4c96c92f0ae573288eefb809d60d1f"},
    {file = "jellyfish-1.0.4-pp310-pypy310_pp73-manylinux_2_17_armv7l.manylinux2014_armv7l.whl", hash = "sha256:f5af807b15db3c7d08c30911fbe82266ff1089f28ba5a682e87e3145943936cd"},
    {file = "jellyfish-1.0.4-pp310-pypy310_pp73-manylinux_2_17_x86_64.manylinux2014_x86_64.whl", hash = "sha256:17c7822dcb9e70b682604941852f6bba78b047b60d41d2df0e6a75a5d2b1bb78"},
    {file = "jellyfish-1.0.4-pp310-pypy310_pp73-musllinux_1_1_aarch64.whl", hash = "sha256:f581b0184ce7a000f38941b2c81a4480b5fd52cdeb5672f9f682d9e3adb8db84"},
    {file = "jellyfish-1.0.4-pp310-pypy310_pp73-musllinux_1_1_i686.whl", hash = "sha256:f5bc5e05616155306756abe2afda23caefb766b59c849d88285f67bcdcf5a5bb"},
    {file = "jellyfish-1.0.4-pp310-pypy310_pp73-musllinux_1_1_x86_64.whl", hash = "sha256:4de7c4e7245a2fa9d24bb75dd66aaf77b3521b2377883af0b6008740024ce598"},
    {file = "jellyfish-1.0.4-pp38-pypy38_pp73-macosx_10_12_x86_64.whl", hash = "sha256:e94d594b4b4902a5278346852227f9be281a4aa61907ecd00091451bce8279be"},
    {file = "jellyfish-1.0.4-pp38-pypy38_pp73-macosx_11_0_arm64.whl", hash = "sha256:91dc251d02dee6686a1dc31a30a0ea7d8f49781556272b1044cb1a942db75a40"},
    {file = "jellyfish-1.0.4-pp38-pypy38_pp73-manylinux_2_17_aarch64.manylinux2014_aarch64.whl", hash = "sha256:359aa8c0a55560bd0e6d17e2098b96428d91f066120a708ad889a729801a78b9"},
    {file = "jellyfish-1.0.4-pp38-pypy38_pp73-manylinux_2_17_armv7l.manylinux2014_armv7l.whl", hash = "sha256:02525584cb1d09f3b5b784685a63ba6e889bce240acef12161d7a6f428ea6c2e"},
    {file = "jellyfish-1.0.4-pp38-pypy38_pp73-manylinux_2_17_x86_64.manylinux2014_x86_64.whl", hash = "sha256:e9f9d82531af35123632bd02a4394c8783a6f81d89b5c1711bd4c1a6c800a8dc"},
    {file = "jellyfish-1.0.4-pp38-pypy38_pp73-musllinux_1_1_aarch64.whl", hash = "sha256:c54255f79a5d00a8261c48e75b483bf1ba2aa87655bd69d4cff805eab758c0f4"},
    {file = "jellyfish-1.0.4-pp38-pypy38_pp73-musllinux_1_1_i686.whl", hash = "sha256:209ccfbc135d150f6af2db9d3c13764f690aa6196fb74ecffd5394c367ed4938"},
    {file = "jellyfish-1.0.4-pp38-pypy38_pp73-musllinux_1_1_x86_64.whl", hash = "sha256:3ee641c1c68e0458cac4b9c8c4432d535de1bdd66e8514e541939094622b55cc"},
    {file = "jellyfish-1.0.4-pp39-pypy39_pp73-macosx_10_12_x86_64.whl", hash = "sha256:d9552ac0478d3015f93161e7d7e1a388b3204fac2a1a22aaf30d67c3670eb6f2"},
    {file = "jellyfish-1.0.4-pp39-pypy39_pp73-macosx_11_0_arm64.whl", hash = "sha256:2cc0a11166cb1cea0700585de63fa46252a5efa46bc31bc4d869b71e3c666ded"},
    {file = "jellyfish-1.0.4-pp39-pypy39_pp73-manylinux_2_17_aarch64.manylinux2014_aarch64.whl", hash = "sha256:6285981622d31c11994f2abcd0d35ec7661cba842538e59bfb735fbedf7b6531"},
    {file = "jellyfish-1.0.4-pp39-pypy39_pp73-manylinux_2_17_armv7l.manylinux2014_armv7l.whl", hash = "sha256:07e10f5ab014a626048ff7cd78a6a52c81845f89d94902371278c4be66d91909"},
    {file = "jellyfish-1.0.4-pp39-pypy39_pp73-manylinux_2_17_x86_64.manylinux2014_x86_64.whl", hash = "sha256:8eaa4f2cf78f34cfd41270968954b3bc1eed433b6e7d124786b8064021c110a5"},
    {file = "jellyfish-1.0.4-pp39-pypy39_pp73-musllinux_1_1_aarch64.whl", hash = "sha256:83e3c4b446da02926b382f8eb8b931e266927e82162adf4c57f0c55c2bf95b35"},
    {file = "jellyfish-1.0.4-pp39-pypy39_pp73-musllinux_1_1_i686.whl", hash = "sha256:d88f47c5c3d97f40b4aa42b83d7ca03707bd6bebd945c9532da6e25515bbeea4"},
    {file = "jellyfish-1.0.4-pp39-pypy39_pp73-musllinux_1_1_x86_64.whl", hash = "sha256:a4b717a510e64773c4f882b373d4aeda7d2b2b8ffae87c16a906426b7cd02d55"},
    {file = "jellyfish-1.0.4.tar.gz", hash = "sha256:72aabb3bedd513cdd20712242fd51173b59972c0b146b7a0b9c6f32f1656293f"},
]

[[package]]
name = "mediafile"
version = "0.12.0"
description = "Handles low-level interfacing for files' tags. Wraps Mutagen to"
optional = false
python-versions = ">=3.7"
files = [
    {file = "mediafile-0.12.0-py3-none-any.whl", hash = "sha256:6b6fdb61bb151cd9d6a8a8821ce28adee604ede8a9a992f0d9dd3e835ef4899b"},
    {file = "mediafile-0.12.0.tar.gz", hash = "sha256:d75d805a06ed56150dbcea76505e700f9809abd9e98f98117ae46f5df2ccf1d7"},
]

[package.dependencies]
mutagen = ">=1.46"
six = ">=1.9"

[package.extras]
test = ["tox"]

[[package]]
name = "mock"
version = "5.1.0"
description = "Rolling backport of unittest.mock for all Pythons"
optional = false
python-versions = ">=3.6"
files = [
    {file = "mock-5.1.0-py3-none-any.whl", hash = "sha256:18c694e5ae8a208cdb3d2c20a993ca1a7b0efa258c247a1e565150f477f83744"},
    {file = "mock-5.1.0.tar.gz", hash = "sha256:5e96aad5ccda4718e0a229ed94b2024df75cc2d55575ba5762d31f5767b8767d"},
]

[package.extras]
build = ["blurb", "twine", "wheel"]
docs = ["sphinx"]
test = ["pytest", "pytest-cov"]

[[package]]
name = "munkres"
version = "1.1.4"
description = "Munkres (Hungarian) algorithm for the Assignment Problem"
optional = false
python-versions = "*"
files = [
    {file = "munkres-1.1.4-py2.py3-none-any.whl", hash = "sha256:6b01867d4a8480d865aea2326e4b8f7c46431e9e55b4a2e32d989307d7bced2a"},
    {file = "munkres-1.1.4.tar.gz", hash = "sha256:fc44bf3c3979dada4b6b633ddeeb8ffbe8388ee9409e4d4e8310c2da1792db03"},
]

[[package]]
name = "musicbrainzngs"
version = "0.7.1"
description = "Python bindings for the MusicBrainz NGS and the Cover Art Archive webservices"
optional = false
python-versions = ">=2.7, !=3.0.*, !=3.1.*, !=3.2.*, !=3.3.*"
files = [
    {file = "musicbrainzngs-0.7.1-py2.py3-none-any.whl", hash = "sha256:e841a8f975104c0a72290b09f59326050194081a5ae62ee512f41915090e1a10"},
    {file = "musicbrainzngs-0.7.1.tar.gz", hash = "sha256:ab1c0100fd0b305852e65f2ed4113c6de12e68afd55186987b8ed97e0f98e627"},
]

[[package]]
name = "mutagen"
version = "1.47.0"
description = "read and write audio tags for many formats"
optional = false
python-versions = ">=3.7"
files = [
    {file = "mutagen-1.47.0-py3-none-any.whl", hash = "sha256:edd96f50c5907a9539d8e5bba7245f62c9f520aef333d13392a79a4f70aca719"},
    {file = "mutagen-1.47.0.tar.gz", hash = "sha256:719fadef0a978c31b4cf3c956261b3c58b6948b32023078a2117b1de09f0fc99"},
]

[[package]]
name = "nodeenv"
version = "1.9.1"
description = "Node.js virtual environment builder"
optional = false
python-versions = "!=3.0.*,!=3.1.*,!=3.2.*,!=3.3.*,!=3.4.*,!=3.5.*,!=3.6.*,>=2.7"
files = [
    {file = "nodeenv-1.9.1-py2.py3-none-any.whl", hash = "sha256:ba11c9782d29c27c70ffbdda2d7415098754709be8a7056d79a737cd901155c9"},
    {file = "nodeenv-1.9.1.tar.gz", hash = "sha256:6ec12890a2dab7946721edbfbcd91f3319c6ccc9aec47be7c7e6b7011ee6645f"},
]

[[package]]
name = "packaging"
version = "24.1"
description = "Core utilities for Python packages"
optional = false
python-versions = ">=3.8"
files = [
    {file = "packaging-24.1-py3-none-any.whl", hash = "sha256:5b8f2217dbdbd2f7f384c41c628544e6d52f2d0f53c6d0c3ea61aa5d1d7ff124"},
    {file = "packaging-24.1.tar.gz", hash = "sha256:026ed72c8ed3fcce5bf8950572258698927fd1dbda10a5e981cdf0ac37f4f002"},
]

[[package]]
name = "pluggy"
version = "1.5.0"
description = "plugin and hook calling mechanisms for python"
optional = false
python-versions = ">=3.8"
files = [
    {file = "pluggy-1.5.0-py3-none-any.whl", hash = "sha256:44e1ad92c8ca002de6377e165f3e0f1be63266ab4d554740532335b9d75ea669"},
    {file = "pluggy-1.5.0.tar.gz", hash = "sha256:2cffa88e94fdc978c4c574f15f9e59b7f4201d439195c3715ca9e2486f1d0cf1"},
]

[package.extras]
dev = ["pre-commit", "tox"]
testing = ["pytest", "pytest-benchmark"]

[[package]]
name = "pyright"
version = "1.1.368"
description = "Command line wrapper for pyright"
optional = false
python-versions = ">=3.7"
files = [
    {file = "pyright-1.1.368-py3-none-any.whl", hash = "sha256:4a86e34b61c755b43b367af7fbf927fc6466fff6b81a9dcea07d42416c640af3"},
    {file = "pyright-1.1.368.tar.gz", hash = "sha256:9b2aa48142d9d9fc9a6aedff743c76873cc4e615f3297cdbf893d5793f75b306"},
]

[package.dependencies]
nodeenv = ">=1.6.0"

[package.extras]
all = ["twine (>=3.4.1)"]
dev = ["twine (>=3.4.1)"]

[[package]]
name = "pytest"
version = "8.3.1"
description = "pytest: simple powerful testing with Python"
optional = false
python-versions = ">=3.8"
files = [
    {file = "pytest-8.3.1-py3-none-any.whl", hash = "sha256:e9600ccf4f563976e2c99fa02c7624ab938296551f280835ee6516df8bc4ae8c"},
    {file = "pytest-8.3.1.tar.gz", hash = "sha256:7e8e5c5abd6e93cb1cc151f23e57adc31fcf8cfd2a3ff2da63e23f732de35db6"},
]

[package.dependencies]
colorama = {version = "*", markers = "sys_platform == \"win32\""}
exceptiongroup = {version = ">=1.0.0rc8", markers = "python_version < \"3.11\""}
iniconfig = "*"
packaging = "*"
pluggy = ">=1.5,<2"
tomli = {version = ">=1", markers = "python_version < \"3.11\""}

[package.extras]
dev = ["argcomplete", "attrs (>=19.2)", "hypothesis (>=3.56)", "mock", "pygments (>=2.7.2)", "requests", "setuptools", "xmlschema"]

[[package]]
name = "pytest-cov"
version = "5.0.0"
description = "Pytest plugin for measuring coverage."
optional = false
python-versions = ">=3.8"
files = [
    {file = "pytest-cov-5.0.0.tar.gz", hash = "sha256:5837b58e9f6ebd335b0f8060eecce69b662415b16dc503883a02f45dfeb14857"},
    {file = "pytest_cov-5.0.0-py3-none-any.whl", hash = "sha256:4f0764a1219df53214206bf1feea4633c3b558a2925c8b59f144f682861ce652"},
]

[package.dependencies]
coverage = {version = ">=5.2.1", extras = ["toml"]}
pytest = ">=4.6"

[package.extras]
testing = ["fields", "hunter", "process-tests", "pytest-xdist", "virtualenv"]

[[package]]
name = "pyyaml"
version = "6.0.1"
description = "YAML parser and emitter for Python"
optional = false
python-versions = ">=3.6"
files = [
    {file = "PyYAML-6.0.1-cp310-cp310-macosx_10_9_x86_64.whl", hash = "sha256:d858aa552c999bc8a8d57426ed01e40bef403cd8ccdd0fc5f6f04a00414cac2a"},
    {file = "PyYAML-6.0.1-cp310-cp310-macosx_11_0_arm64.whl", hash = "sha256:fd66fc5d0da6d9815ba2cebeb4205f95818ff4b79c3ebe268e75d961704af52f"},
    {file = "PyYAML-6.0.1-cp310-cp310-manylinux_2_17_aarch64.manylinux2014_aarch64.whl", hash = "sha256:69b023b2b4daa7548bcfbd4aa3da05b3a74b772db9e23b982788168117739938"},
    {file = "PyYAML-6.0.1-cp310-cp310-manylinux_2_17_s390x.manylinux2014_s390x.whl", hash = "sha256:81e0b275a9ecc9c0c0c07b4b90ba548307583c125f54d5b6946cfee6360c733d"},
    {file = "PyYAML-6.0.1-cp310-cp310-manylinux_2_17_x86_64.manylinux2014_x86_64.whl", hash = "sha256:ba336e390cd8e4d1739f42dfe9bb83a3cc2e80f567d8805e11b46f4a943f5515"},
    {file = "PyYAML-6.0.1-cp310-cp310-musllinux_1_1_x86_64.whl", hash = "sha256:326c013efe8048858a6d312ddd31d56e468118ad4cdeda36c719bf5bb6192290"},
    {file = "PyYAML-6.0.1-cp310-cp310-win32.whl", hash = "sha256:bd4af7373a854424dabd882decdc5579653d7868b8fb26dc7d0e99f823aa5924"},
    {file = "PyYAML-6.0.1-cp310-cp310-win_amd64.whl", hash = "sha256:fd1592b3fdf65fff2ad0004b5e363300ef59ced41c2e6b3a99d4089fa8c5435d"},
    {file = "PyYAML-6.0.1-cp311-cp311-macosx_10_9_x86_64.whl", hash = "sha256:6965a7bc3cf88e5a1c3bd2e0b5c22f8d677dc88a455344035f03399034eb3007"},
    {file = "PyYAML-6.0.1-cp311-cp311-macosx_11_0_arm64.whl", hash = "sha256:f003ed9ad21d6a4713f0a9b5a7a0a79e08dd0f221aff4525a2be4c346ee60aab"},
    {file = "PyYAML-6.0.1-cp311-cp311-manylinux_2_17_aarch64.manylinux2014_aarch64.whl", hash = "sha256:42f8152b8dbc4fe7d96729ec2b99c7097d656dc1213a3229ca5383f973a5ed6d"},
    {file = "PyYAML-6.0.1-cp311-cp311-manylinux_2_17_s390x.manylinux2014_s390x.whl", hash = "sha256:062582fca9fabdd2c8b54a3ef1c978d786e0f6b3a1510e0ac93ef59e0ddae2bc"},
    {file = "PyYAML-6.0.1-cp311-cp311-manylinux_2_17_x86_64.manylinux2014_x86_64.whl", hash = "sha256:d2b04aac4d386b172d5b9692e2d2da8de7bfb6c387fa4f801fbf6fb2e6ba4673"},
    {file = "PyYAML-6.0.1-cp311-cp311-musllinux_1_1_x86_64.whl", hash = "sha256:e7d73685e87afe9f3b36c799222440d6cf362062f78be1013661b00c5c6f678b"},
    {file = "PyYAML-6.0.1-cp311-cp311-win32.whl", hash = "sha256:1635fd110e8d85d55237ab316b5b011de701ea0f29d07611174a1b42f1444741"},
    {file = "PyYAML-6.0.1-cp311-cp311-win_amd64.whl", hash = "sha256:bf07ee2fef7014951eeb99f56f39c9bb4af143d8aa3c21b1677805985307da34"},
    {file = "PyYAML-6.0.1-cp312-cp312-macosx_10_9_x86_64.whl", hash = "sha256:855fb52b0dc35af121542a76b9a84f8d1cd886ea97c84703eaa6d88e37a2ad28"},
    {file = "PyYAML-6.0.1-cp312-cp312-macosx_11_0_arm64.whl", hash = "sha256:40df9b996c2b73138957fe23a16a4f0ba614f4c0efce1e9406a184b6d07fa3a9"},
    {file = "PyYAML-6.0.1-cp312-cp312-manylinux_2_17_aarch64.manylinux2014_aarch64.whl", hash = "sha256:a08c6f0fe150303c1c6b71ebcd7213c2858041a7e01975da3a99aed1e7a378ef"},
    {file = "PyYAML-6.0.1-cp312-cp312-manylinux_2_17_x86_64.manylinux2014_x86_64.whl", hash = "sha256:6c22bec3fbe2524cde73d7ada88f6566758a8f7227bfbf93a408a9d86bcc12a0"},
    {file = "PyYAML-6.0.1-cp312-cp312-musllinux_1_1_x86_64.whl", hash = "sha256:8d4e9c88387b0f5c7d5f281e55304de64cf7f9c0021a3525bd3b1c542da3b0e4"},
    {file = "PyYAML-6.0.1-cp312-cp312-win32.whl", hash = "sha256:d483d2cdf104e7c9fa60c544d92981f12ad66a457afae824d146093b8c294c54"},
    {file = "PyYAML-6.0.1-cp312-cp312-win_amd64.whl", hash = "sha256:0d3304d8c0adc42be59c5f8a4d9e3d7379e6955ad754aa9d6ab7a398b59dd1df"},
    {file = "PyYAML-6.0.1-cp36-cp36m-macosx_10_9_x86_64.whl", hash = "sha256:50550eb667afee136e9a77d6dc71ae76a44df8b3e51e41b77f6de2932bfe0f47"},
    {file = "PyYAML-6.0.1-cp36-cp36m-manylinux_2_17_aarch64.manylinux2014_aarch64.whl", hash = "sha256:1fe35611261b29bd1de0070f0b2f47cb6ff71fa6595c077e42bd0c419fa27b98"},
    {file = "PyYAML-6.0.1-cp36-cp36m-manylinux_2_17_s390x.manylinux2014_s390x.whl", hash = "sha256:704219a11b772aea0d8ecd7058d0082713c3562b4e271b849ad7dc4a5c90c13c"},
    {file = "PyYAML-6.0.1-cp36-cp36m-manylinux_2_17_x86_64.manylinux2014_x86_64.whl", hash = "sha256:afd7e57eddb1a54f0f1a974bc4391af8bcce0b444685d936840f125cf046d5bd"},
    {file = "PyYAML-6.0.1-cp36-cp36m-win32.whl", hash = "sha256:fca0e3a251908a499833aa292323f32437106001d436eca0e6e7833256674585"},
    {file = "PyYAML-6.0.1-cp36-cp36m-win_amd64.whl", hash = "sha256:f22ac1c3cac4dbc50079e965eba2c1058622631e526bd9afd45fedd49ba781fa"},
    {file = "PyYAML-6.0.1-cp37-cp37m-macosx_10_9_x86_64.whl", hash = "sha256:b1275ad35a5d18c62a7220633c913e1b42d44b46ee12554e5fd39c70a243d6a3"},
    {file = "PyYAML-6.0.1-cp37-cp37m-manylinux_2_17_aarch64.manylinux2014_aarch64.whl", hash = "sha256:18aeb1bf9a78867dc38b259769503436b7c72f7a1f1f4c93ff9a17de54319b27"},
    {file = "PyYAML-6.0.1-cp37-cp37m-manylinux_2_17_s390x.manylinux2014_s390x.whl", hash = "sha256:596106435fa6ad000c2991a98fa58eeb8656ef2325d7e158344fb33864ed87e3"},
    {file = "PyYAML-6.0.1-cp37-cp37m-manylinux_2_17_x86_64.manylinux2014_x86_64.whl", hash = "sha256:baa90d3f661d43131ca170712d903e6295d1f7a0f595074f151c0aed377c9b9c"},
    {file = "PyYAML-6.0.1-cp37-cp37m-win32.whl", hash = "sha256:9046c58c4395dff28dd494285c82ba00b546adfc7ef001486fbf0324bc174fba"},
    {file = "PyYAML-6.0.1-cp37-cp37m-win_amd64.whl", hash = "sha256:4fb147e7a67ef577a588a0e2c17b6db51dda102c71de36f8549b6816a96e1867"},
    {file = "PyYAML-6.0.1-cp38-cp38-macosx_10_9_x86_64.whl", hash = "sha256:1d4c7e777c441b20e32f52bd377e0c409713e8bb1386e1099c2415f26e479595"},
    {file = "PyYAML-6.0.1-cp38-cp38-manylinux_2_17_aarch64.manylinux2014_aarch64.whl", hash = "sha256:a0cd17c15d3bb3fa06978b4e8958dcdc6e0174ccea823003a106c7d4d7899ac5"},
    {file = "PyYAML-6.0.1-cp38-cp38-manylinux_2_17_s390x.manylinux2014_s390x.whl", hash = "sha256:28c119d996beec18c05208a8bd78cbe4007878c6dd15091efb73a30e90539696"},
    {file = "PyYAML-6.0.1-cp38-cp38-manylinux_2_17_x86_64.manylinux2014_x86_64.whl", hash = "sha256:7e07cbde391ba96ab58e532ff4803f79c4129397514e1413a7dc761ccd755735"},
    {file = "PyYAML-6.0.1-cp38-cp38-musllinux_1_1_x86_64.whl", hash = "sha256:49a183be227561de579b4a36efbb21b3eab9651dd81b1858589f796549873dd6"},
    {file = "PyYAML-6.0.1-cp38-cp38-win32.whl", hash = "sha256:184c5108a2aca3c5b3d3bf9395d50893a7ab82a38004c8f61c258d4428e80206"},
    {file = "PyYAML-6.0.1-cp38-cp38-win_amd64.whl", hash = "sha256:1e2722cc9fbb45d9b87631ac70924c11d3a401b2d7f410cc0e3bbf249f2dca62"},
    {file = "PyYAML-6.0.1-cp39-cp39-macosx_10_9_x86_64.whl", hash = "sha256:9eb6caa9a297fc2c2fb8862bc5370d0303ddba53ba97e71f08023b6cd73d16a8"},
    {file = "PyYAML-6.0.1-cp39-cp39-macosx_11_0_arm64.whl", hash = "sha256:c8098ddcc2a85b61647b2590f825f3db38891662cfc2fc776415143f599bb859"},
    {file = "PyYAML-6.0.1-cp39-cp39-manylinux_2_17_aarch64.manylinux2014_aarch64.whl", hash = "sha256:5773183b6446b2c99bb77e77595dd486303b4faab2b086e7b17bc6bef28865f6"},
    {file = "PyYAML-6.0.1-cp39-cp39-manylinux_2_17_s390x.manylinux2014_s390x.whl", hash = "sha256:b786eecbdf8499b9ca1d697215862083bd6d2a99965554781d0d8d1ad31e13a0"},
    {file = "PyYAML-6.0.1-cp39-cp39-manylinux_2_17_x86_64.manylinux2014_x86_64.whl", hash = "sha256:bc1bf2925a1ecd43da378f4db9e4f799775d6367bdb94671027b73b393a7c42c"},
    {file = "PyYAML-6.0.1-cp39-cp39-musllinux_1_1_x86_64.whl", hash = "sha256:04ac92ad1925b2cff1db0cfebffb6ffc43457495c9b3c39d3fcae417d7125dc5"},
    {file = "PyYAML-6.0.1-cp39-cp39-win32.whl", hash = "sha256:faca3bdcf85b2fc05d06ff3fbc1f83e1391b3e724afa3feba7d13eeab355484c"},
    {file = "PyYAML-6.0.1-cp39-cp39-win_amd64.whl", hash = "sha256:510c9deebc5c0225e8c96813043e62b680ba2f9c50a08d3724c7f28a747d1486"},
    {file = "PyYAML-6.0.1.tar.gz", hash = "sha256:bfdf460b1736c775f2ba9f6a92bca30bc2095067b8a9d77876d1fad6cc3b4a43"},
]

[[package]]
name = "ruff"
version = "0.7.0"
description = "An extremely fast Python linter and code formatter, written in Rust."
optional = false
python-versions = ">=3.7"
files = [
    {file = "ruff-0.7.0-py3-none-linux_armv6l.whl", hash = "sha256:0cdf20c2b6ff98e37df47b2b0bd3a34aaa155f59a11182c1303cce79be715628"},
    {file = "ruff-0.7.0-py3-none-macosx_10_12_x86_64.whl", hash = "sha256:496494d350c7fdeb36ca4ef1c9f21d80d182423718782222c29b3e72b3512737"},
    {file = "ruff-0.7.0-py3-none-macosx_11_0_arm64.whl", hash = "sha256:214b88498684e20b6b2b8852c01d50f0651f3cc6118dfa113b4def9f14faaf06"},
    {file = "ruff-0.7.0-py3-none-manylinux_2_17_aarch64.manylinux2014_aarch64.whl", hash = "sha256:630fce3fefe9844e91ea5bbf7ceadab4f9981f42b704fae011bb8efcaf5d84be"},
    {file = "ruff-0.7.0-py3-none-manylinux_2_17_armv7l.manylinux2014_armv7l.whl", hash = "sha256:211d877674e9373d4bb0f1c80f97a0201c61bcd1e9d045b6e9726adc42c156aa"},
    {file = "ruff-0.7.0-py3-none-manylinux_2_17_i686.manylinux2014_i686.whl", hash = "sha256:194d6c46c98c73949a106425ed40a576f52291c12bc21399eb8f13a0f7073495"},
    {file = "ruff-0.7.0-py3-none-manylinux_2_17_ppc64.manylinux2014_ppc64.whl", hash = "sha256:82c2579b82b9973a110fab281860403b397c08c403de92de19568f32f7178598"},
    {file = "ruff-0.7.0-py3-none-manylinux_2_17_ppc64le.manylinux2014_ppc64le.whl", hash = "sha256:9af971fe85dcd5eaed8f585ddbc6bdbe8c217fb8fcf510ea6bca5bdfff56040e"},
    {file = "ruff-0.7.0-py3-none-manylinux_2_17_s390x.manylinux2014_s390x.whl", hash = "sha256:b641c7f16939b7d24b7bfc0be4102c56562a18281f84f635604e8a6989948914"},
    {file = "ruff-0.7.0-py3-none-manylinux_2_17_x86_64.manylinux2014_x86_64.whl", hash = "sha256:d71672336e46b34e0c90a790afeac8a31954fd42872c1f6adaea1dff76fd44f9"},
    {file = "ruff-0.7.0-py3-none-musllinux_1_2_aarch64.whl", hash = "sha256:ab7d98c7eed355166f367597e513a6c82408df4181a937628dbec79abb2a1fe4"},
    {file = "ruff-0.7.0-py3-none-musllinux_1_2_armv7l.whl", hash = "sha256:1eb54986f770f49edb14f71d33312d79e00e629a57387382200b1ef12d6a4ef9"},
    {file = "ruff-0.7.0-py3-none-musllinux_1_2_i686.whl", hash = "sha256:dc452ba6f2bb9cf8726a84aa877061a2462afe9ae0ea1d411c53d226661c601d"},
    {file = "ruff-0.7.0-py3-none-musllinux_1_2_x86_64.whl", hash = "sha256:4b406c2dce5be9bad59f2de26139a86017a517e6bcd2688da515481c05a2cb11"},
    {file = "ruff-0.7.0-py3-none-win32.whl", hash = "sha256:f6c968509f767776f524a8430426539587d5ec5c662f6addb6aa25bc2e8195ec"},
    {file = "ruff-0.7.0-py3-none-win_amd64.whl", hash = "sha256:ff4aabfbaaba880e85d394603b9e75d32b0693152e16fa659a3064a85df7fce2"},
    {file = "ruff-0.7.0-py3-none-win_arm64.whl", hash = "sha256:10842f69c245e78d6adec7e1db0a7d9ddc2fff0621d730e61657b64fa36f207e"},
    {file = "ruff-0.7.0.tar.gz", hash = "sha256:47a86360cf62d9cd53ebfb0b5eb0e882193fc191c6d717e8bef4462bc3b9ea2b"},
]

[[package]]
name = "six"
version = "1.16.0"
description = "Python 2 and 3 compatibility utilities"
optional = false
python-versions = ">=2.7, !=3.0.*, !=3.1.*, !=3.2.*"
files = [
    {file = "six-1.16.0-py2.py3-none-any.whl", hash = "sha256:8abb2f1d86890a2dfb989f9a77cfcfd3e47c2a354b01111771326f8aa26e0254"},
    {file = "six-1.16.0.tar.gz", hash = "sha256:1e61c37477a1626458e36f7b1d82aa5c9b094fa4802892072e49de9c60c4c926"},
]

[[package]]
name = "tomli"
version = "2.0.1"
description = "A lil' TOML parser"
optional = false
python-versions = ">=3.7"
files = [
    {file = "tomli-2.0.1-py3-none-any.whl", hash = "sha256:939de3e7a6161af0c887ef91b7d41a53e7c5a1ca976325f429cb46ea9bc30ecc"},
    {file = "tomli-2.0.1.tar.gz", hash = "sha256:de526c12914f0c550d15924c62d72abc48d6fe7364aa87328337a31007fe8a4f"},
]

[[package]]
name = "typeguard"
version = "4.3.0"
description = "Run-time type checker for Python"
optional = false
python-versions = ">=3.8"
files = [
    {file = "typeguard-4.3.0-py3-none-any.whl", hash = "sha256:4d24c5b39a117f8a895b9da7a9b3114f04eb63bade45a4492de49b175b6f7dfa"},
    {file = "typeguard-4.3.0.tar.gz", hash = "sha256:92ee6a0aec9135181eae6067ebd617fd9de8d75d714fb548728a4933b1dea651"},
]

[package.dependencies]
importlib-metadata = {version = ">=3.6", markers = "python_version < \"3.10\""}
typing-extensions = ">=4.10.0"

[package.extras]
doc = ["Sphinx (>=7)", "packaging", "sphinx-autodoc-typehints (>=1.2.0)", "sphinx-rtd-theme (>=1.3.0)"]
test = ["coverage[toml] (>=7)", "mypy (>=1.2.0)", "pytest (>=7)"]

[[package]]
name = "typing-extensions"
version = "4.12.2"
description = "Backported and Experimental Type Hints for Python 3.8+"
optional = false
python-versions = ">=3.8"
files = [
    {file = "typing_extensions-4.12.2-py3-none-any.whl", hash = "sha256:04e5ca0351e0f3f85c6853954072df659d0d13fac324d0072316b67d7794700d"},
    {file = "typing_extensions-4.12.2.tar.gz", hash = "sha256:1a7ead55c7e559dd4dee8856e3a88b41225abfe1ce8df57b7c13915fe121ffb8"},
]

[[package]]
name = "unidecode"
version = "1.3.8"
description = "ASCII transliterations of Unicode text"
optional = false
python-versions = ">=3.5"
files = [
    {file = "Unidecode-1.3.8-py3-none-any.whl", hash = "sha256:d130a61ce6696f8148a3bd8fe779c99adeb4b870584eeb9526584e9aa091fd39"},
    {file = "Unidecode-1.3.8.tar.gz", hash = "sha256:cfdb349d46ed3873ece4586b96aa75258726e2fa8ec21d6f00a591d98806c2f4"},
]

[[package]]
name = "zipp"
version = "3.19.2"
description = "Backport of pathlib-compatible object wrapper for zip files"
optional = false
python-versions = ">=3.8"
files = [
    {file = "zipp-3.19.2-py3-none-any.whl", hash = "sha256:f091755f667055f2d02b32c53771a7a6c8b47e1fdbc4b72a8b9072b3eef8015c"},
    {file = "zipp-3.19.2.tar.gz", hash = "sha256:bf1dcf6450f873a13e952a29504887c89e6de7506209e5b1bcc3460135d4de19"},
]

[package.extras]
doc = ["furo", "jaraco.packaging (>=9.3)", "jaraco.tidelift (>=1.4)", "rst.linker (>=1.9)", "sphinx (>=3.5)", "sphinx-lint"]
test = ["big-O", "importlib-resources", "jaraco.functools", "jaraco.itertools", "jaraco.test", "more-itertools", "pytest (>=6,!=8.1.*)", "pytest-checkdocs (>=2.4)", "pytest-cov", "pytest-enabler (>=2.2)", "pytest-ignore-flaky", "pytest-mypy", "pytest-ruff (>=0.2.1)"]

[metadata]
lock-version = "2.0"
python-versions = "^3.8.1"
content-hash = "4a4480f848853bf86404b142d729b8c3414ac27cb4f18d66800451b384825df4"
